
Microsoft Visual Studio Solution File, Format Version 12.00
# Visual Studio 15
VisualStudioVersion = 15.0.26430.6
MinimumVisualStudioVersion = 10.0.40219.1
Project("{FAE04EC0-301F-11D3-BF4B-00C04F79EFBC}") = "BernoulliMixture", "BernoulliMixture\BernoulliMixture.csproj", "{651ED019-3D85-4646-B9DF-47317B2BA0F5}"
EndProject
Global
	GlobalSection(SolutionConfigurationPlatforms) = preSolution
		Debug|Any CPU = Debug|Any CPU
		Release|Any CPU = Release|Any CPU
	EndGlobalSection
	GlobalSection(ProjectConfigurationPlatforms) = postSolution
		{651ED019-3D85-4646-B9DF-47317B2BA0F5}.Debug|Any CPU.ActiveCfg = Debug|Any CPU
		{651ED019-3D85-4646-B9DF-47317B2BA0F5}.Debug|Any CPU.Build.0 = Debug|Any CPU
		{651ED019-3D85-4646-B9DF-47317B2BA0F5}.Release|Any CPU.ActiveCfg = Release|Any CPU
		{651ED019-3D85-4646-B9DF-47317B2BA0F5}.Release|Any CPU.Build.0 = Release|Any CPU
	EndGlobalSection
	GlobalSection(SolutionProperties) = preSolution
		HideSolutionNode = FALSE
	EndGlobalSection
EndGlobal
